
Microsoft Visual Studio Solution File, Format Version 12.00
# Visual Studio Version 17
VisualStudioVersion = 17.6.33801.468
MinimumVisualStudioVersion = 10.0.40219.1
Project("{FAE04EC0-301F-11D3-BF4B-00C04F79EFBC}") = "PutridParrot.Expressions", "PutridParrot.Expressions\PutridParrot.Expressions.csproj", "{D4DE8399-9A91-47BB-B88A-ED7BAB76BD57}"
EndProject
Global
	GlobalSection(SolutionConfigurationPlatforms) = preSolution
		Debug|Any CPU = Debug|Any CPU
		Release|Any CPU = Release|Any CPU
	EndGlobalSection
	GlobalSection(ProjectConfigurationPlatforms) = postSolution
		{D4DE8399-9A91-47BB-B88A-ED7BAB76BD57}.Debug|Any CPU.ActiveCfg = Debug|Any CPU
		{D4DE8399-9A91-47BB-B88A-ED7BAB76BD57}.Debug|Any CPU.Build.0 = Debug|Any CPU
		{D4DE8399-9A91-47BB-B88A-ED7BAB76BD57}.Release|Any CPU.ActiveCfg = Release|Any CPU
		{D4DE8399-9A91-47BB-B88A-ED7BAB76BD57}.Release|Any CPU.Build.0 = Release|Any CPU
	EndGlobalSection
	GlobalSection(SolutionProperties) = preSolution
		HideSolutionNode = FALSE
	EndGlobalSection
	GlobalSection(ExtensibilityGlobals) = postSolution
		SolutionGuid = {2C69D581-7F12-4A50-B434-500E3C1A42D7}
	EndGlobalSection
EndGlobal
